{
  "lib/account-abstraction": {
    "tag": {
      "name": "v0.7.0",
      "rev": "7af70c8993a6f42973f520ae0752386a5032abe7"
    }
  },
  "lib/chainlink-ccip": {
    "tag": {
      "name": "contracts-ccip-v1.6.0",
      "rev": "e9476e9948c5f84fd4e980484a520085bcc1b9d5"
    }
  },
  "lib/chainlink-evm": {
    "tag": {
      "name": "contracts-v1.4.0",
      "rev": "e06cc226086ad91cfede63e96c63e5b3440c9801"
    }
  }, 
  "lib/forge-std": {
    "tag": {
      "name": "v1.16.1",
      "rev": "620536fa5277db4e3fd46772d5cbc1ea0696fb43"
    }
  },
  "lib/openzeppelin-contracts": {
    "tag": {
      "name": "v5.6.1",
      "rev": "5fd1781b1454fd1ef8e722282f86f9293cacf256"
    }
  },
  "lib/safe-modules": {
    "tag": {
      "name": "v0.1.0",
      "rev": "1981fbc63e3850d626074d81d22a198afe64ac03"
    }
  },
  "lib/safe-smart-account": {
    "tag": {
      "name": "v1.4.1",
      "rev": "bf943f80fec5ac647159d26161446ac5d716a294"
    }
  }
}