{
  "lib/account-abstraction": {
    "tag": {
      "name": "v0.9.0",
      "rev": "b36a1ed52ae00da6f8a4c8d50181e2877e4fa410"
    }
  },
  "lib/circuits": {
    "rev": "fef4b9485a45bbb8238364e3366150c22e3726be"
  },
  "lib/forge-std": {
    "rev": "dd75251e15bfb826147090585346f4d7636063e9"
  },
  "lib/openzeppelin-contracts": {
    "rev": "cc94ea49301460aa6bd39edf29b2ab953d1d80b5"
  },
  "solidity/lib/forge-std": {
    "rev": "60acb7aaadcce2d68e52986a0a66fe79f07d138f"
  },
  "solidity/lib/hats-protocol": {
    "rev": "cccb71a061cdb9095af7d11dfdb47026993d8c4e"
  },
  "solidity/lib/openzeppelin-contracts": {
    "rev": "cc94ea49301460aa6bd39edf29b2ab953d1d80b5"
  }
}